
Microsoft Visual Studio Solution File, Format Version 12.00
# Visual Studio Version 17
VisualStudioVersion = 17.0.31903.59
MinimumVisualStudioVersion = 10.0.40219.1
Project("{FAE04EC0-301F-11D3-BF4B-00C04F79EFBC}") = "Client", "Client\Client.csproj", "{804831A1-E44C-4F8A-A4BB-25DEA30BFC2C}"
EndProject
Project("{FAE04EC0-301F-11D3-BF4B-00C04F79EFBC}") = "Server", "Server\Server.csproj", "{34728E40-8FEA-4A4E-82E1-7F1FC2645648}"
EndProject
Global
	GlobalSection(SolutionConfigurationPlatforms) = preSolution
		Debug|Any CPU = Debug|Any CPU
		Release|Any CPU = Release|Any CPU
	EndGlobalSection
	GlobalSection(SolutionProperties) = preSolution
		HideSolutionNode = FALSE
	EndGlobalSection
	GlobalSection(ProjectConfigurationPlatforms) = postSolution
		{804831A1-E44C-4F8A-A4BB-25DEA30BFC2C}.Debug|Any CPU.ActiveCfg = Debug|Any CPU
		{804831A1-E44C-4F8A-A4BB-25DEA30BFC2C}.Debug|Any CPU.Build.0 = Debug|Any CPU
		{804831A1-E44C-4F8A-A4BB-25DEA30BFC2C}.Release|Any CPU.ActiveCfg = Release|Any CPU
		{804831A1-E44C-4F8A-A4BB-25DEA30BFC2C}.Release|Any CPU.Build.0 = Release|Any CPU
		{34728E40-8FEA-4A4E-82E1-7F1FC2645648}.Debug|Any CPU.ActiveCfg = Debug|Any CPU
		{34728E40-8FEA-4A4E-82E1-7F1FC2645648}.Debug|Any CPU.Build.0 = Debug|Any CPU
		{34728E40-8FEA-4A4E-82E1-7F1FC2645648}.Release|Any CPU.ActiveCfg = Release|Any CPU
		{34728E40-8FEA-4A4E-82E1-7F1FC2645648}.Release|Any CPU.Build.0 = Release|Any CPU
	EndGlobalSection
EndGlobal
